// !$*UTF8*$!
{
	archiveVersion = 1;
	classes = {
	};
	objectVersion = 46;
	objects = {

/* Begin PBXBuildFile section */
		5CA257B41F610FE100F3E286 /* JKCalendar.xib in Resources */ = {isa = PBXBuildFile; fileRef = 5CA257B61F610FE100F3E286 /* JKCalendar.xib */; };
		7C51410D1F34203600263E8A /* JKCalendar.h in Headers */ = {isa = PBXBuildFile; fileRef = 7C51410B1F34203600263E8A /* JKCalendar.h */; settings = {ATTRIBUTES = (Public, ); }; };
		7C5141191F3420A800263E8A /* JKCalendar.swift in Sources */ = {isa = PBXBuildFile; fileRef = 7C5141131F3420A800263E8A /* JKCalendar.swift */; };
		7C51411B1F3420A800263E8A /* JKCalendarMark.swift in Sources */ = {isa = PBXBuildFile; fileRef = 7C5141151F3420A800263E8A /* JKCalendarMark.swift */; };
		7C51411C1F3420A800263E8A /* JKCalendarScrollView.swift in Sources */ = {isa = PBXBuildFile; fileRef = 7C5141161F3420A800263E8A /* JKCalendarScrollView.swift */; };
		7C51411D1F3420A800263E8A /* JKCalendarView.swift in Sources */ = {isa = PBXBuildFile; fileRef = 7C5141171F3420A800263E8A /* JKCalendarView.swift */; };
		7C51411E1F3420A800263E8A /* JKInfinitePageView.swift in Sources */ = {isa = PBXBuildFile; fileRef = 7C5141181F3420A800263E8A /* JKInfinitePageView.swift */; };
		7C5141211F3420B000263E8A /* common.swift in Sources */ = {isa = PBXBuildFile; fileRef = 7C51411F1F3420B000263E8A /* common.swift */; };
		7C5141221F3420B000263E8A /* icon.xcassets in Resources */ = {isa = PBXBuildFile; fileRef = 7C5141201F3420B000263E8A /* icon.xcassets */; };
/* End PBXBuildFile section */

/* Begin PBXFileReference section */
		5CA257B51F610FE100F3E286 /* en */ = {isa = PBXFileReference; lastKnownFileType = file.xib; name = en; path = en.lproj/JKCalendar.xib; sourceTree = "<group>"; };
		5CA257B71F610FE900F3E286 /* de */ = {isa = PBXFileReference; lastKnownFileType = file.xib; name = de; path = de.lproj/JKCalendar.xib; sourceTree = "<group>"; };
		7C5141081F34203600263E8A /* JKCalendar.framework */ = {isa = PBXFileReference; explicitFileType = wrapper.framework; includeInIndex = 0; path = JKCalendar.framework; sourceTree = BUILT_PRODUCTS_DIR; };
		7C51410B1F34203600263E8A /* JKCalendar.h */ = {isa = PBXFileReference; lastKnownFileType = sourcecode.c.h; path = JKCalendar.h; sourceTree = "<group>"; };
		7C51410C1F34203600263E8A /* Info.plist */ = {isa = PBXFileReference; lastKnownFileType = text.plist.xml; path = Info.plist; sourceTree = "<group>"; };
		7C5141131F3420A800263E8A /* JKCalendar.swift */ = {isa = PBXFileReference; fileEncoding = 4; lastKnownFileType = sourcecode.swift; path = JKCalendar.swift; sourceTree = "<group>"; };
		7C5141151F3420A800263E8A /* JKCalendarMark.swift */ = {isa = PBXFileReference; fileEncoding = 4; lastKnownFileType = sourcecode.swift; path = JKCalendarMark.swift; sourceTree = "<group>"; };
		7C5141161F3420A800263E8A /* JKCalendarScrollView.swift */ = {isa = PBXFileReference; fileEncoding = 4; lastKnownFileType = sourcecode.swift; path = JKCalendarScrollView.swift; sourceTree = "<group>"; };
		7C5141171F3420A800263E8A /* JKCalendarView.swift */ = {isa = PBXFileReference; fileEncoding = 4; lastKnownFileType = sourcecode.swift; path = JKCalendarView.swift; sourceTree = "<group>"; };
		7C5141181F3420A800263E8A /* JKInfinitePageView.swift */ = {isa = PBXFileReference; fileEncoding = 4; lastKnownFileType = sourcecode.swift; path = JKInfinitePageView.swift; sourceTree = "<group>"; };
		7C51411F1F3420B000263E8A /* common.swift */ = {isa = PBXFileReference; fileEncoding = 4; lastKnownFileType = sourcecode.swift; path = common.swift; sourceTree = "<group>"; };
		7C5141201F3420B000263E8A /* icon.xcassets */ = {isa = PBXFileReference; lastKnownFileType = folder.assetcatalog; path = icon.xcassets; sourceTree = "<group>"; };
/* End PBXFileReference section */

/* Begin PBXFrameworksBuildPhase section */
		7C5141041F34203600263E8A /* Frameworks */ = {
			isa = PBXFrameworksBuildPhase;
			buildActionMask = 2147483647;
			files = (
			);
			runOnlyForDeploymentPostprocessing = 0;
		};
/* End PBXFrameworksBuildPhase section */

/* Begin PBXGroup section */
		7C5140FE1F34203600263E8A = {
			isa = PBXGroup;
			children = (
				7C51410A1F34203600263E8A /* JKCalendar */,
				7C5141091F34203600263E8A /* Products */,
			);
			sourceTree = "<group>";
		};
		7C5141091F34203600263E8A /* Products */ = {
			isa = PBXGroup;
			children = (
				7C5141081F34203600263E8A /* JKCalendar.framework */,
			);
			name = Products;
			sourceTree = "<group>";
		};
		7C51410A1F34203600263E8A /* JKCalendar */ = {
			isa = PBXGroup;
			children = (
				7C51410B1F34203600263E8A /* JKCalendar.h */,
				7C5141131F3420A800263E8A /* JKCalendar.swift */,
				5CA257B61F610FE100F3E286 /* JKCalendar.xib */,
				7C5141171F3420A800263E8A /* JKCalendarView.swift */,
				7C5141151F3420A800263E8A /* JKCalendarMark.swift */,
				7C5141161F3420A800263E8A /* JKCalendarScrollView.swift */,
				7C5141181F3420A800263E8A /* JKInfinitePageView.swift */,
				7C51411F1F3420B000263E8A /* common.swift */,
				7C5141201F3420B000263E8A /* icon.xcassets */,
				7C51410C1F34203600263E8A /* Info.plist */,
			);
			path = JKCalendar;
			sourceTree = "<group>";
		};
/* End PBXGroup section */

/* Begin PBXHeadersBuildPhase section */
		7C5141051F34203600263E8A /* Headers */ = {
			isa = PBXHeadersBuildPhase;
			buildActionMask = 2147483647;
			files = (
				7C51410D1F34203600263E8A /* JKCalendar.h in Headers */,
			);
			runOnlyForDeploymentPostprocessing = 0;
		};
/* End PBXHeadersBuildPhase section */

/* Begin PBXNativeTarget section */
		7C5141071F34203600263E8A /* JKCalendar */ = {
			isa = PBXNativeTarget;
			buildConfigurationList = 7C5141101F34203600263E8A /* Build configuration list for PBXNativeTarget "JKCalendar" */;
			buildPhases = (
				7C5141031F34203600263E8A /* Sources */,
				7C5141041F34203600263E8A /* Frameworks */,
				7C5141051F34203600263E8A /* Headers */,
				7C5141061F34203600263E8A /* Resources */,
			);
			buildRules = (
			);
			dependencies = (
			);
			name = JKCalendar;
			productName = JKCalendar;
			productReference = 7C5141081F34203600263E8A /* JKCalendar.framework */;
			productType = "com.apple.product-type.framework";
		};
/* End PBXNativeTarget section */

/* Begin PBXProject section */
		7C5140FF1F34203600263E8A /* Project object */ = {
			isa = PBXProject;
			attributes = {
				LastUpgradeCheck = 0900;
				ORGANIZATIONNAME = Joe;
				TargetAttributes = {
					7C5141071F34203600263E8A = {
						CreatedOnToolsVersion = 8.3.3;
						DevelopmentTeam = AZ5GBDWZ9H;
						LastSwiftMigration = 0900;
						ProvisioningStyle = Automatic;
					};
				};
			};
			buildConfigurationList = 7C5141021F34203600263E8A /* Build configuration list for PBXProject "JKCalendar" */;
			compatibilityVersion = "Xcode 3.2";
			developmentRegion = English;
			hasScannedForEncodings = 0;
			knownRegions = (
				en,
				de,
			);
			mainGroup = 7C5140FE1F34203600263E8A;
			productRefGroup = 7C5141091F34203600263E8A /* Products */;
			projectDirPath = "";
			projectRoot = "";
			targets = (
				7C5141071F34203600263E8A /* JKCalendar */,
			);
		};
/* End PBXProject section */

/* Begin PBXResourcesBuildPhase section */
		7C5141061F34203600263E8A /* Resources */ = {
			isa = PBXResourcesBuildPhase;
			buildActionMask = 2147483647;
			files = (
				7C5141221F3420B000263E8A /* icon.xcassets in Resources */,
				5CA257B41F610FE100F3E286 /* JKCalendar.xib in Resources */,
			);
			runOnlyForDeploymentPostprocessing = 0;
		};
/* End PBXResourcesBuildPhase section */

/* Begin PBXSourcesBuildPhase section */
		7C5141031F34203600263E8A /* Sources */ = {
			isa = PBXSourcesBuildPhase;
			buildActionMask = 2147483647;
			files = (
				7C5141191F3420A800263E8A /* JKCalendar.swift in Sources */,
				7C51411E1F3420A800263E8A /* JKInfinitePageView.swift in Sources */,
				7C5141211F3420B000263E8A /* common.swift in Sources */,
				7C51411D1F3420A800263E8A /* JKCalendarView.swift in Sources */,
				7C51411C1F3420A800263E8A /* JKCalendarScrollView.swift in Sources */,
				7C51411B1F3420A800263E8A /* JKCalendarMark.swift in Sources */,
			);
			runOnlyForDeploymentPostprocessing = 0;
		};
/* End PBXSourcesBuildPhase section */

/* Begin PBXVariantGroup section */
		5CA257B61F610FE100F3E286 /* JKCalendar.xib */ = {
			isa = PBXVariantGroup;
			children = (
				5CA257B51F610FE100F3E286 /* en */,
				5CA257B71F610FE900F3E286 /* de */,
			);
			name = JKCalendar.xib;
			sourceTree = "<group>";
		};
/* End PBXVariantGroup section */

/* Begin XCBuildConfiguration section */
		7C51410E1F34203600263E8A /* Debug */ = {
			isa = XCBuildConfiguration;
			buildSettings = {
				ALWAYS_SEARCH_USER_PATHS = NO;
				CLANG_ANALYZER_LOCALIZABILITY_NONLOCALIZED = YES;
				CLANG_ANALYZER_NONNULL = YES;
				CLANG_ANALYZER_NUMBER_OBJECT_CONVERSION = YES_AGGRESSIVE;
				CLANG_CXX_LANGUAGE_STANDARD = "gnu++0x";
				CLANG_CXX_LIBRARY = "libc++";
				CLANG_ENABLE_MODULES = YES;
				CLANG_ENABLE_OBJC_ARC = YES;
				CLANG_WARN_BLOCK_CAPTURE_AUTORELEASING = YES;
				CLANG_WARN_BOOL_CONVERSION = YES;
				CLANG_WARN_COMMA = YES;
				CLANG_WARN_CONSTANT_CONVERSION = YES;
				CLANG_WARN_DIRECT_OBJC_ISA_USAGE = YES_ERROR;
				CLANG_WARN_DOCUMENTATION_COMMENTS = YES;
				CLANG_WARN_EMPTY_BODY = YES;
				CLANG_WARN_ENUM_CONVERSION = YES;
				CLANG_WARN_INFINITE_RECURSION = YES;
				CLANG_WARN_INT_CONVERSION = YES;
				CLANG_WARN_NON_LITERAL_NULL_CONVERSION = YES;
				CLANG_WARN_OBJC_LITERAL_CONVERSION = YES;
				CLANG_WARN_OBJC_ROOT_CLASS = YES_ERROR;
				CLANG_WARN_RANGE_LOOP_ANALYSIS = YES;
				CLANG_WARN_STRICT_PROTOTYPES = YES;
				CLANG_WARN_SUSPICIOUS_MOVE = YES;
				CLANG_WARN_UNREACHABLE_CODE = YES;
				CLANG_WARN__DUPLICATE_METHOD_MATCH = YES;
				"CODE_SIGN_IDENTITY[sdk=iphoneos*]" = "iPhone Developer";
				COPY_PHASE_STRIP = NO;
				CURRENT_PROJECT_VERSION = 1;
				DEBUG_INFORMATION_FORMAT = dwarf;
				ENABLE_STRICT_OBJC_MSGSEND = YES;
				ENABLE_TESTABILITY = YES;
				GCC_C_LANGUAGE_STANDARD = gnu99;
				GCC_DYNAMIC_NO_PIC = NO;
				GCC_NO_COMMON_BLOCKS = YES;
				GCC_OPTIMIZATION_LEVEL = 0;
				GCC_PREPROCESSOR_DEFINITIONS = (
					"DEBUG=1",
					"$(inherited)",
				);
				GCC_WARN_64_TO_32_BIT_CONVERSION = YES;
				GCC_WARN_ABOUT_RETURN_TYPE = YES_ERROR;
				GCC_WARN_UNDECLARED_SELECTOR = YES;
				GCC_WARN_UNINITIALIZED_AUTOS = YES_AGGRESSIVE;
				GCC_WARN_UNUSED_FUNCTION = YES;
				GCC_WARN_UNUSED_VARIABLE = YES;
				IPHONEOS_DEPLOYMENT_TARGET = 10.3;
				MTL_ENABLE_DEBUG_INFO = YES;
				ONLY_ACTIVE_ARCH = YES;
				SDKROOT = iphoneos;
				SWIFT_ACTIVE_COMPILATION_CONDITIONS = DEBUG;
				SWIFT_OPTIMIZATION_LEVEL = "-Onone";
				TARGETED_DEVICE_FAMILY = "1,2";
				VERSIONING_SYSTEM = "apple-generic";
				VERSION_INFO_PREFIX = "";
			};
			name = Debug;
		};
		7C51410F1F34203600263E8A /* Release */ = {
			isa = XCBuildConfiguration;
			buildSettings = {
				ALWAYS_SEARCH_USER_PATHS = NO;
				CLANG_ANALYZER_LOCALIZABILITY_NONLOCALIZED = YES;
				CLANG_ANALYZER_NONNULL = YES;
				CLANG_ANALYZER_NUMBER_OBJECT_CONVERSION = YES_AGGRESSIVE;
				CLANG_CXX_LANGUAGE_STANDARD = "gnu++0x";
				CLANG_CXX_LIBRARY = "libc++";
				CLANG_ENABLE_MODULES = YES;
				CLANG_ENABLE_OBJC_ARC = YES;
				CLANG_WARN_BLOCK_CAPTURE_AUTORELEASING = YES;
				CLANG_WARN_BOOL_CONVERSION = YES;
				CLANG_WARN_COMMA = YES;
				CLANG_WARN_CONSTANT_CONVERSION = YES;
				CLANG_WARN_DIRECT_OBJC_ISA_USAGE = YES_ERROR;
				CLANG_WARN_DOCUMENTATION_COMMENTS = YES;
				CLANG_WARN_EMPTY_BODY = YES;
				CLANG_WARN_ENUM_CONVERSION = YES;
				CLANG_WARN_INFINITE_RECURSION = YES;
				CLANG_WARN_INT_CONVERSION = YES;
				CLANG_WARN_NON_LITERAL_NULL_CONVERSION = YES;
				CLANG_WARN_OBJC_LITERAL_CONVERSION = YES;
				CLANG_WARN_OBJC_ROOT_CLASS = YES_ERROR;
				CLANG_WARN_RANGE_LOOP_ANALYSIS = YES;
				CLANG_WARN_STRICT_PROTOTYPES = YES;
				CLANG_WARN_SUSPICIOUS_MOVE = YES;
				CLANG_WARN_UNREACHABLE_CODE = YES;
				CLANG_WARN__DUPLICATE_METHOD_MATCH = YES;
				"CODE_SIGN_IDENTITY[sdk=iphoneos*]" = "iPhone Developer";
				COPY_PHASE_STRIP = NO;
				CURRENT_PROJECT_VERSION = 1;
				DEBUG_INFORMATION_FORMAT = "dwarf-with-dsym";
				ENABLE_NS_ASSERTIONS = NO;
				ENABLE_STRICT_OBJC_MSGSEND = YES;
				GCC_C_LANGUAGE_STANDARD = gnu99;
				GCC_NO_COMMON_BLOCKS = YES;
				GCC_WARN_64_TO_32_BIT_CONVERSION = YES;
				GCC_WARN_ABOUT_RETURN_TYPE = YES_ERROR;
				GCC_WARN_UNDECLARED_SELECTOR = YES;
				GCC_WARN_UNINITIALIZED_AUTOS = YES_AGGRESSIVE;
				GCC_WARN_UNUSED_FUNCTION = YES;
				GCC_WARN_UNUSED_VARIABLE = YES;
				IPHONEOS_DEPLOYMENT_TARGET = 10.3;
				MTL_ENABLE_DEBUG_INFO = NO;
				SDKROOT = iphoneos;
				SWIFT_OPTIMIZATION_LEVEL = "-Owholemodule";
				TARGETED_DEVICE_FAMILY = "1,2";
				VALIDATE_PRODUCT = YES;
				VERSIONING_SYSTEM = "apple-generic";
				VERSION_INFO_PREFIX = "";
			};
			name = Release;
		};
		7C5141111F34203600263E8A /* Debug */ = {
			isa = XCBuildConfiguration;
			buildSettings = {
				CLANG_ENABLE_MODULES = YES;
				CODE_SIGN_IDENTITY = "";
				DEFINES_MODULE = YES;
				DEVELOPMENT_TEAM = AZ5GBDWZ9H;
				DYLIB_COMPATIBILITY_VERSION = 1;
				DYLIB_CURRENT_VERSION = 1;
				DYLIB_INSTALL_NAME_BASE = "@rpath";
				INFOPLIST_FILE = JKCalendar/Info.plist;
				INSTALL_PATH = "$(LOCAL_LIBRARY_DIR)/Frameworks";
				IPHONEOS_DEPLOYMENT_TARGET = 9.0;
				LD_RUNPATH_SEARCH_PATHS = "$(inherited) @executable_path/Frameworks @loader_path/Frameworks";
				PRODUCT_BUNDLE_IDENTIFIER = com.joe.JKCalendar;
				PRODUCT_NAME = "$(TARGET_NAME)";
				SKIP_INSTALL = YES;
				SWIFT_OPTIMIZATION_LEVEL = "-Onone";
				SWIFT_SWIFT3_OBJC_INFERENCE = Off;
				SWIFT_VERSION = 4.0;
			};
			name = Debug;
		};
		7C5141121F34203600263E8A /* Release */ = {
			isa = XCBuildConfiguration;
			buildSettings = {
				CLANG_ENABLE_MODULES = YES;
				CODE_SIGN_IDENTITY = "";
				DEFINES_MODULE = YES;
				DEVELOPMENT_TEAM = AZ5GBDWZ9H;
				DYLIB_COMPATIBILITY_VERSION = 1;
				DYLIB_CURRENT_VERSION = 1;
				DYLIB_INSTALL_NAME_BASE = "@rpath";
				INFOPLIST_FILE = JKCalendar/Info.plist;
				INSTALL_PATH = "$(LOCAL_LIBRARY_DIR)/Frameworks";
				IPHONEOS_DEPLOYMENT_TARGET = 9.0;
				LD_RUNPATH_SEARCH_PATHS = "$(inherited) @executable_path/Frameworks @loader_path/Frameworks";
				PRODUCT_BUNDLE_IDENTIFIER = com.joe.JKCalendar;
				PRODUCT_NAME = "$(TARGET_NAME)";
				SKIP_INSTALL = YES;
				SWIFT_SWIFT3_OBJC_INFERENCE = Off;
				SWIFT_VERSION = 4.0;
			};
			name = Release;
		};
/* End XCBuildConfiguration section */

/* Begin XCConfigurationList section */
		7C5141021F34203600263E8A /* Build configuration list for PBXProject "JKCalendar" */ = {
			isa = XCConfigurationList;
			buildConfigurations = (
				7C51410E1F34203600263E8A /* Debug */,
				7C51410F1F34203600263E8A /* Release */,
			);
			defaultConfigurationIsVisible = 0;
			defaultConfigurationName = Release;
		};
		7C5141101F34203600263E8A /* Build configuration list for PBXNativeTarget "JKCalendar" */ = {
			isa = XCConfigurationList;
			buildConfigurations = (
				7C5141111F34203600263E8A /* Debug */,
				7C5141121F34203600263E8A /* Release */,
			);
			defaultConfigurationIsVisible = 0;
			defaultConfigurationName = Release;
		};
/* End XCConfigurationList section */
	};
	rootObject = 7C5140FF1F34203600263E8A /* Project object */;
}
