// !$*UTF8*$!
{
	archiveVersion = 1;
	classes = {
	};
	objectVersion = 46;
	objects = {

/* Begin PBXBuildFile section */
		7C72FF231E72930100D12F76 /* AppDelegate.swift in Sources */ = {isa = PBXBuildFile; fileRef = 7C72FF221E72930100D12F76 /* AppDelegate.swift */; };
		7C72FF251E72930100D12F76 /* ScrollViewController.swift in Sources */ = {isa = PBXBuildFile; fileRef = 7C72FF241E72930100D12F76 /* ScrollViewController.swift */; };
		7C72FF281E72930100D12F76 /* Main.storyboard in Resources */ = {isa = PBXBuildFile; fileRef = 7C72FF261E72930100D12F76 /* Main.storyboard */; };
		7C72FF2A1E72930100D12F76 /* Assets.xcassets in Resources */ = {isa = PBXBuildFile; fileRef = 7C72FF291E72930100D12F76 /* Assets.xcassets */; };
		7C72FF2D1E72930100D12F76 /* LaunchScreen.storyboard in Resources */ = {isa = PBXBuildFile; fileRef = 7C72FF2B1E72930100D12F76 /* LaunchScreen.storyboard */; };
		7C7300761F4C0803002D9861 /* SelectorViewController.swift in Sources */ = {isa = PBXBuildFile; fileRef = 7C7300751F4C0803002D9861 /* SelectorViewController.swift */; };
		7CA7DDDD1F6102030061011A /* TableViewController.swift in Sources */ = {isa = PBXBuildFile; fileRef = 7CA7DDDC1F6102030061011A /* TableViewController.swift */; };
		7CB8057F1F7E579E003D4857 /* JKCalendar.framework in Frameworks */ = {isa = PBXBuildFile; fileRef = 7CB8057E1F7E509A003D4857 /* JKCalendar.framework */; };
		7CB805801F7E579F003D4857 /* JKCalendar.framework in Embed Frameworks */ = {isa = PBXBuildFile; fileRef = 7CB8057E1F7E509A003D4857 /* JKCalendar.framework */; settings = {ATTRIBUTES = (CodeSignOnCopy, RemoveHeadersOnCopy, ); }; };
/* End PBXBuildFile section */

/* Begin PBXContainerItemProxy section */
		7CB8057D1F7E509A003D4857 /* PBXContainerItemProxy */ = {
			isa = PBXContainerItemProxy;
			containerPortal = 7CB805791F7E5099003D4857 /* JKCalendar.xcodeproj */;
			proxyType = 2;
			remoteGlobalIDString = 7C5141081F34203600263E8A;
			remoteInfo = JKCalendar;
		};
		7CB805811F7E579F003D4857 /* PBXContainerItemProxy */ = {
			isa = PBXContainerItemProxy;
			containerPortal = 7CB805791F7E5099003D4857 /* JKCalendar.xcodeproj */;
			proxyType = 1;
			remoteGlobalIDString = 7C5141071F34203600263E8A;
			remoteInfo = JKCalendar;
		};
/* End PBXContainerItemProxy section */

/* Begin PBXCopyFilesBuildPhase section */
		7C5141481F3424EC00263E8A /* Embed Frameworks */ = {
			isa = PBXCopyFilesBuildPhase;
			buildActionMask = 2147483647;
			dstPath = "";
			dstSubfolderSpec = 10;
			files = (
				7CB805801F7E579F003D4857 /* JKCalendar.framework in Embed Frameworks */,
			);
			name = "Embed Frameworks";
			runOnlyForDeploymentPostprocessing = 0;
		};
/* End PBXCopyFilesBuildPhase section */

/* Begin PBXFileReference section */
		7C72FF1F1E72930100D12F76 /* JKCalendar-Sample.app */ = {isa = PBXFileReference; explicitFileType = wrapper.application; includeInIndex = 0; path = "JKCalendar-Sample.app"; sourceTree = BUILT_PRODUCTS_DIR; };
		7C72FF221E72930100D12F76 /* AppDelegate.swift */ = {isa = PBXFileReference; lastKnownFileType = sourcecode.swift; path = AppDelegate.swift; sourceTree = "<group>"; };
		7C72FF241E72930100D12F76 /* ScrollViewController.swift */ = {isa = PBXFileReference; lastKnownFileType = sourcecode.swift; path = ScrollViewController.swift; sourceTree = "<group>"; };
		7C72FF271E72930100D12F76 /* Base */ = {isa = PBXFileReference; lastKnownFileType = file.storyboard; name = Base; path = Base.lproj/Main.storyboard; sourceTree = "<group>"; };
		7C72FF291E72930100D12F76 /* Assets.xcassets */ = {isa = PBXFileReference; lastKnownFileType = folder.assetcatalog; path = Assets.xcassets; sourceTree = "<group>"; };
		7C72FF2C1E72930100D12F76 /* Base */ = {isa = PBXFileReference; lastKnownFileType = file.storyboard; name = Base; path = Base.lproj/LaunchScreen.storyboard; sourceTree = "<group>"; };
		7C72FF2E1E72930200D12F76 /* Info.plist */ = {isa = PBXFileReference; lastKnownFileType = text.plist.xml; path = Info.plist; sourceTree = "<group>"; };
		7C7300751F4C0803002D9861 /* SelectorViewController.swift */ = {isa = PBXFileReference; fileEncoding = 4; lastKnownFileType = sourcecode.swift; path = SelectorViewController.swift; sourceTree = "<group>"; };
		7CA7DDDC1F6102030061011A /* TableViewController.swift */ = {isa = PBXFileReference; fileEncoding = 4; lastKnownFileType = sourcecode.swift; path = TableViewController.swift; sourceTree = "<group>"; };
		7CB805791F7E5099003D4857 /* JKCalendar.xcodeproj */ = {isa = PBXFileReference; lastKnownFileType = "wrapper.pb-project"; name = JKCalendar.xcodeproj; path = JKCalendar/JKCalendar.xcodeproj; sourceTree = "<group>"; };
/* End PBXFileReference section */

/* Begin PBXFrameworksBuildPhase section */
		7C72FF1C1E72930100D12F76 /* Frameworks */ = {
			isa = PBXFrameworksBuildPhase;
			buildActionMask = 2147483647;
			files = (
				7CB8057F1F7E579E003D4857 /* JKCalendar.framework in Frameworks */,
			);
			runOnlyForDeploymentPostprocessing = 0;
		};
/* End PBXFrameworksBuildPhase section */

/* Begin PBXGroup section */
		7C72FF161E72930100D12F76 = {
			isa = PBXGroup;
			children = (
				7C72FF211E72930100D12F76 /* JKCalendar-Sample */,
				7C72FF201E72930100D12F76 /* Products */,
				7CB805791F7E5099003D4857 /* JKCalendar.xcodeproj */,
			);
			sourceTree = "<group>";
		};
		7C72FF201E72930100D12F76 /* Products */ = {
			isa = PBXGroup;
			children = (
				7C72FF1F1E72930100D12F76 /* JKCalendar-Sample.app */,
			);
			name = Products;
			sourceTree = "<group>";
		};
		7C72FF211E72930100D12F76 /* JKCalendar-Sample */ = {
			isa = PBXGroup;
			children = (
				7C72FF221E72930100D12F76 /* AppDelegate.swift */,
				7C7300751F4C0803002D9861 /* SelectorViewController.swift */,
				7C72FF241E72930100D12F76 /* ScrollViewController.swift */,
				7CA7DDDC1F6102030061011A /* TableViewController.swift */,
				7C72FF261E72930100D12F76 /* Main.storyboard */,
				7C72FF291E72930100D12F76 /* Assets.xcassets */,
				7C72FF2B1E72930100D12F76 /* LaunchScreen.storyboard */,
				7C72FF2E1E72930200D12F76 /* Info.plist */,
			);
			path = "JKCalendar-Sample";
			sourceTree = "<group>";
		};
		7CB8057A1F7E5099003D4857 /* Products */ = {
			isa = PBXGroup;
			children = (
				7CB8057E1F7E509A003D4857 /* JKCalendar.framework */,
			);
			name = Products;
			sourceTree = "<group>";
		};
/* End PBXGroup section */

/* Begin PBXNativeTarget section */
		7C72FF1E1E72930100D12F76 /* JKCalendar-Sample */ = {
			isa = PBXNativeTarget;
			buildConfigurationList = 7C72FF311E72930200D12F76 /* Build configuration list for PBXNativeTarget "JKCalendar-Sample" */;
			buildPhases = (
				7C72FF1B1E72930100D12F76 /* Sources */,
				7C72FF1C1E72930100D12F76 /* Frameworks */,
				7C72FF1D1E72930100D12F76 /* Resources */,
				7C5141481F3424EC00263E8A /* Embed Frameworks */,
			);
			buildRules = (
			);
			dependencies = (
				7CB805821F7E579F003D4857 /* PBXTargetDependency */,
			);
			name = "JKCalendar-Sample";
			productName = "JKCalendar-Sample";
			productReference = 7C72FF1F1E72930100D12F76 /* JKCalendar-Sample.app */;
			productType = "com.apple.product-type.application";
		};
/* End PBXNativeTarget section */

/* Begin PBXProject section */
		7C72FF171E72930100D12F76 /* Project object */ = {
			isa = PBXProject;
			attributes = {
				LastSwiftUpdateCheck = 0820;
				LastUpgradeCheck = 0820;
				ORGANIZATIONNAME = Joe;
				TargetAttributes = {
					7C72FF1E1E72930100D12F76 = {
						CreatedOnToolsVersion = 8.2.1;
						DevelopmentTeam = KE5A24937J;
						ProvisioningStyle = Automatic;
					};
				};
			};
			buildConfigurationList = 7C72FF1A1E72930100D12F76 /* Build configuration list for PBXProject "JKCalendar-Sample" */;
			compatibilityVersion = "Xcode 3.2";
			developmentRegion = English;
			hasScannedForEncodings = 0;
			knownRegions = (
				en,
				Base,
			);
			mainGroup = 7C72FF161E72930100D12F76;
			productRefGroup = 7C72FF201E72930100D12F76 /* Products */;
			projectDirPath = "";
			projectReferences = (
				{
					ProductGroup = 7CB8057A1F7E5099003D4857 /* Products */;
					ProjectRef = 7CB805791F7E5099003D4857 /* JKCalendar.xcodeproj */;
				},
			);
			projectRoot = "";
			targets = (
				7C72FF1E1E72930100D12F76 /* JKCalendar-Sample */,
			);
		};
/* End PBXProject section */

/* Begin PBXReferenceProxy section */
		7CB8057E1F7E509A003D4857 /* JKCalendar.framework */ = {
			isa = PBXReferenceProxy;
			fileType = wrapper.framework;
			path = JKCalendar.framework;
			remoteRef = 7CB8057D1F7E509A003D4857 /* PBXContainerItemProxy */;
			sourceTree = BUILT_PRODUCTS_DIR;
		};
/* End PBXReferenceProxy section */

/* Begin PBXResourcesBuildPhase section */
		7C72FF1D1E72930100D12F76 /* Resources */ = {
			isa = PBXResourcesBuildPhase;
			buildActionMask = 2147483647;
			files = (
				7C72FF2D1E72930100D12F76 /* LaunchScreen.storyboard in Resources */,
				7C72FF2A1E72930100D12F76 /* Assets.xcassets in Resources */,
				7C72FF281E72930100D12F76 /* Main.storyboard in Resources */,
			);
			runOnlyForDeploymentPostprocessing = 0;
		};
/* End PBXResourcesBuildPhase section */

/* Begin PBXSourcesBuildPhase section */
		7C72FF1B1E72930100D12F76 /* Sources */ = {
			isa = PBXSourcesBuildPhase;
			buildActionMask = 2147483647;
			files = (
				7C72FF251E72930100D12F76 /* ScrollViewController.swift in Sources */,
				7C7300761F4C0803002D9861 /* SelectorViewController.swift in Sources */,
				7C72FF231E72930100D12F76 /* AppDelegate.swift in Sources */,
				7CA7DDDD1F6102030061011A /* TableViewController.swift in Sources */,
			);
			runOnlyForDeploymentPostprocessing = 0;
		};
/* End PBXSourcesBuildPhase section */

/* Begin PBXTargetDependency section */
		7CB805821F7E579F003D4857 /* PBXTargetDependency */ = {
			isa = PBXTargetDependency;
			name = JKCalendar;
			targetProxy = 7CB805811F7E579F003D4857 /* PBXContainerItemProxy */;
		};
/* End PBXTargetDependency section */

/* Begin PBXVariantGroup section */
		7C72FF261E72930100D12F76 /* Main.storyboard */ = {
			isa = PBXVariantGroup;
			children = (
				7C72FF271E72930100D12F76 /* Base */,
			);
			name = Main.storyboard;
			sourceTree = "<group>";
		};
		7C72FF2B1E72930100D12F76 /* LaunchScreen.storyboard */ = {
			isa = PBXVariantGroup;
			children = (
				7C72FF2C1E72930100D12F76 /* Base */,
			);
			name = LaunchScreen.storyboard;
			sourceTree = "<group>";
		};
/* End PBXVariantGroup section */

/* Begin XCBuildConfiguration section */
		7C72FF2F1E72930200D12F76 /* Debug */ = {
			isa = XCBuildConfiguration;
			buildSettings = {
				ALWAYS_SEARCH_USER_PATHS = NO;
				CLANG_ANALYZER_NONNULL = YES;
				CLANG_CXX_LANGUAGE_STANDARD = "gnu++0x";
				CLANG_CXX_LIBRARY = "libc++";
				CLANG_ENABLE_MODULES = YES;
				CLANG_ENABLE_OBJC_ARC = YES;
				CLANG_WARN_BOOL_CONVERSION = YES;
				CLANG_WARN_CONSTANT_CONVERSION = YES;
				CLANG_WARN_DIRECT_OBJC_ISA_USAGE = YES_ERROR;
				CLANG_WARN_DOCUMENTATION_COMMENTS = YES;
				CLANG_WARN_EMPTY_BODY = YES;
				CLANG_WARN_ENUM_CONVERSION = YES;
				CLANG_WARN_INFINITE_RECURSION = YES;
				CLANG_WARN_INT_CONVERSION = YES;
				CLANG_WARN_OBJC_ROOT_CLASS = YES_ERROR;
				CLANG_WARN_SUSPICIOUS_MOVE = YES;
				CLANG_WARN_UNREACHABLE_CODE = YES;
				CLANG_WARN__DUPLICATE_METHOD_MATCH = YES;
				"CODE_SIGN_IDENTITY[sdk=iphoneos*]" = "iPhone Developer";
				COPY_PHASE_STRIP = NO;
				DEBUG_INFORMATION_FORMAT = dwarf;
				ENABLE_STRICT_OBJC_MSGSEND = YES;
				ENABLE_TESTABILITY = YES;
				GCC_C_LANGUAGE_STANDARD = gnu99;
				GCC_DYNAMIC_NO_PIC = NO;
				GCC_NO_COMMON_BLOCKS = YES;
				GCC_OPTIMIZATION_LEVEL = 0;
				GCC_PREPROCESSOR_DEFINITIONS = (
					"DEBUG=1",
					"$(inherited)",
				);
				GCC_WARN_64_TO_32_BIT_CONVERSION = YES;
				GCC_WARN_ABOUT_RETURN_TYPE = YES_ERROR;
				GCC_WARN_UNDECLARED_SELECTOR = YES;
				GCC_WARN_UNINITIALIZED_AUTOS = YES_AGGRESSIVE;
				GCC_WARN_UNUSED_FUNCTION = YES;
				GCC_WARN_UNUSED_VARIABLE = YES;
				IPHONEOS_DEPLOYMENT_TARGET = 10.2;
				MTL_ENABLE_DEBUG_INFO = YES;
				ONLY_ACTIVE_ARCH = YES;
				SDKROOT = iphoneos;
				SWIFT_ACTIVE_COMPILATION_CONDITIONS = DEBUG;
				SWIFT_OPTIMIZATION_LEVEL = "-Onone";
			};
			name = Debug;
		};
		7C72FF301E72930200D12F76 /* Release */ = {
			isa = XCBuildConfiguration;
			buildSettings = {
				ALWAYS_SEARCH_USER_PATHS = NO;
				CLANG_ANALYZER_NONNULL = YES;
				CLANG_CXX_LANGUAGE_STANDARD = "gnu++0x";
				CLANG_CXX_LIBRARY = "libc++";
				CLANG_ENABLE_MODULES = YES;
				CLANG_ENABLE_OBJC_ARC = YES;
				CLANG_WARN_BOOL_CONVERSION = YES;
				CLANG_WARN_CONSTANT_CONVERSION = YES;
				CLANG_WARN_DIRECT_OBJC_ISA_USAGE = YES_ERROR;
				CLANG_WARN_DOCUMENTATION_COMMENTS = YES;
				CLANG_WARN_EMPTY_BODY = YES;
				CLANG_WARN_ENUM_CONVERSION = YES;
				CLANG_WARN_INFINITE_RECURSION = YES;
				CLANG_WARN_INT_CONVERSION = YES;
				CLANG_WARN_OBJC_ROOT_CLASS = YES_ERROR;
				CLANG_WARN_SUSPICIOUS_MOVE = YES;
				CLANG_WARN_UNREACHABLE_CODE = YES;
				CLANG_WARN__DUPLICATE_METHOD_MATCH = YES;
				"CODE_SIGN_IDENTITY[sdk=iphoneos*]" = "iPhone Developer";
				COPY_PHASE_STRIP = NO;
				DEBUG_INFORMATION_FORMAT = "dwarf-with-dsym";
				ENABLE_NS_ASSERTIONS = NO;
				ENABLE_STRICT_OBJC_MSGSEND = YES;
				GCC_C_LANGUAGE_STANDARD = gnu99;
				GCC_NO_COMMON_BLOCKS = YES;
				GCC_WARN_64_TO_32_BIT_CONVERSION = YES;
				GCC_WARN_ABOUT_RETURN_TYPE = YES_ERROR;
				GCC_WARN_UNDECLARED_SELECTOR = YES;
				GCC_WARN_UNINITIALIZED_AUTOS = YES_AGGRESSIVE;
				GCC_WARN_UNUSED_FUNCTION = YES;
				GCC_WARN_UNUSED_VARIABLE = YES;
				IPHONEOS_DEPLOYMENT_TARGET = 10.2;
				MTL_ENABLE_DEBUG_INFO = NO;
				SDKROOT = iphoneos;
				SWIFT_OPTIMIZATION_LEVEL = "-Owholemodule";
				VALIDATE_PRODUCT = YES;
			};
			name = Release;
		};
		7C72FF321E72930200D12F76 /* Debug */ = {
			isa = XCBuildConfiguration;
			buildSettings = {
				ALWAYS_EMBED_SWIFT_STANDARD_LIBRARIES = YES;
				ASSETCATALOG_COMPILER_APPICON_NAME = AppIcon;
				DEVELOPMENT_TEAM = KE5A24937J;
				FRAMEWORK_SEARCH_PATHS = (
					"$(inherited)",
					"$(PROJECT_DIR)",
				);
				INFOPLIST_FILE = "JKCalendar-Sample/Info.plist";
				IPHONEOS_DEPLOYMENT_TARGET = 9.0;
				LD_RUNPATH_SEARCH_PATHS = "$(inherited) @executable_path/Frameworks";
				PRODUCT_BUNDLE_IDENTIFIER = "com.joe.JKCalendar-Sample";
				PRODUCT_NAME = "$(TARGET_NAME)";
				SWIFT_VERSION = 4.0;
			};
			name = Debug;
		};
		7C72FF331E72930200D12F76 /* Release */ = {
			isa = XCBuildConfiguration;
			buildSettings = {
				ALWAYS_EMBED_SWIFT_STANDARD_LIBRARIES = YES;
				ASSETCATALOG_COMPILER_APPICON_NAME = AppIcon;
				DEVELOPMENT_TEAM = KE5A24937J;
				FRAMEWORK_SEARCH_PATHS = (
					"$(inherited)",
					"$(PROJECT_DIR)",
				);
				INFOPLIST_FILE = "JKCalendar-Sample/Info.plist";
				IPHONEOS_DEPLOYMENT_TARGET = 9.0;
				LD_RUNPATH_SEARCH_PATHS = "$(inherited) @executable_path/Frameworks";
				PRODUCT_BUNDLE_IDENTIFIER = "com.joe.JKCalendar-Sample";
				PRODUCT_NAME = "$(TARGET_NAME)";
				SWIFT_VERSION = 4.0;
			};
			name = Release;
		};
/* End XCBuildConfiguration section */

/* Begin XCConfigurationList section */
		7C72FF1A1E72930100D12F76 /* Build configuration list for PBXProject "JKCalendar-Sample" */ = {
			isa = XCConfigurationList;
			buildConfigurations = (
				7C72FF2F1E72930200D12F76 /* Debug */,
				7C72FF301E72930200D12F76 /* Release */,
			);
			defaultConfigurationIsVisible = 0;
			defaultConfigurationName = Release;
		};
		7C72FF311E72930200D12F76 /* Build configuration list for PBXNativeTarget "JKCalendar-Sample" */ = {
			isa = XCConfigurationList;
			buildConfigurations = (
				7C72FF321E72930200D12F76 /* Debug */,
				7C72FF331E72930200D12F76 /* Release */,
			);
			defaultConfigurationIsVisible = 0;
			defaultConfigurationName = Release;
		};
/* End XCConfigurationList section */
	};
	rootObject = 7C72FF171E72930100D12F76 /* Project object */;
}
